
Microsoft Visual Studio Solution File, Format Version 12.00
# Visual Studio Version 16
VisualStudioVersion = 16.0.31019.35
MinimumVisualStudioVersion = 10.0.40219.1
Project("{FAE04EC0-301F-11D3-BF4B-00C04F79EFBC}") = "WebApi", "WebApi\WebApi.csproj", "{91D0426B-5EEE-492A-911E-267016AFA7C1}"
EndProject
Global
	GlobalSection(SolutionConfigurationPlatforms) = preSolution
		Debug|Any CPU = Debug|Any CPU
		Release|Any CPU = Release|Any CPU
	EndGlobalSection
	GlobalSection(ProjectConfigurationPlatforms) = postSolution
		{91D0426B-5EEE-492A-911E-267016AFA7C1}.Debug|Any CPU.ActiveCfg = Debug|Any CPU
		{91D0426B-5EEE-492A-911E-267016AFA7C1}.Debug|Any CPU.Build.0 = Debug|Any CPU
		{91D0426B-5EEE-492A-911E-267016AFA7C1}.Release|Any CPU.ActiveCfg = Release|Any CPU
		{91D0426B-5EEE-492A-911E-267016AFA7C1}.Release|Any CPU.Build.0 = Release|Any CPU
	EndGlobalSection
	GlobalSection(SolutionProperties) = preSolution
		HideSolutionNode = FALSE
	EndGlobalSection
	GlobalSection(ExtensibilityGlobals) = postSolution
		SolutionGuid = {1A21CF78-7434-4968-9733-B334A8A5D0F6}
	EndGlobalSection
EndGlobal
